version = 1
revision = 2
requires-python = ">=3.12"

[[package]]
name = "cligame"
version = "0.2.3"
source = { registry = "https://pypi.org/simple" }
sdist = { url = "https://files.pythonhosted.org/packages/20/3a/474771c9404b549f4ec9bbdf7fd8c892348f12e57d1608737bd6892b14c1/cligame-0.2.3.tar.gz", hash = "sha256:1bc1699c9ba4c29acba607de9632fe26fb5907d6617cedc6ae6c6f63fb2e99b6", size = 16711, upload-time = "2025-10-24T10:41:54.424Z" }
wheels = [
    { url = "https://files.pythonhosted.org/packages/ee/11/e314075e9a06b39712d7349929d0033f894e60de3b3caed8b9dfb6c59ef2/cligame-0.2.3-py3-none-any.whl", hash = "sha256:905023fff9b9ea87525fafac690ea7dc2f27e0ca202d9a167d7b446b389efd17", size = 17629, upload-time = "2025-10-24T10:41:53.294Z" },
]

[[package]]
name = "eusconj"
version = "0.1.0"
source = { virtual = "." }
dependencies = [
    { name = "cligame" },
]

[package.metadata]
requires-dist = [{ name = "cligame", specifier = ">=0.2.3" }]
