version = 1
revision = 2
requires-python = ">=3.12"

[[package]]
name = "cligame"
version = "0.2.2"
source = { registry = "https://pypi.org/simple" }
sdist = { url = "https://files.pythonhosted.org/packages/28/d7/67b41fd949eab484d4d0ab083d2fe11214b4014262b818019ab7fdc87b53/cligame-0.2.2.tar.gz", hash = "sha256:91cabf54f8bdf2f83aa14692682a444a62662e04421908575eba51d68b946115", size = 17167, upload-time = "2023-04-01T17:53:19.644Z" }
wheels = [
    { url = "https://files.pythonhosted.org/packages/57/e6/9621aa2261ca0177e1ee4a31ce35456b8e0c1ae918d467c1d688591eb835/cligame-0.2.2-py3-none-any.whl", hash = "sha256:2a3737ed6d6e9c9d5c82dd8a63a0372ff85016835f6ac477c0e9f63e647a0241", size = 17425, upload-time = "2023-04-01T17:53:17.511Z" },
]

[[package]]
name = "eusconj"
version = "0.1.0"
source = { virtual = "." }
dependencies = [
    { name = "cligame" },
]

[package.metadata]
requires-dist = [{ name = "cligame", specifier = ">=0.2.2" }]
